[root]
name = "eina"
version = "0.1.0"
dependencies = [
 "eina-sys 0.1.0 (git+https://github.com/ntan15/rust-efl)",
 "libc 0.2.10 (registry+https://github.com/rust-lang/crates.io-index)",
]

[[package]]
name = "eina-sys"
version = "0.1.0"
source = "git+https://github.com/ntan15/rust-efl#94ad1fea0887df337243f24db2b3d1b1fa302fe6"
dependencies = [
 "libc 0.2.10 (registry+https://github.com/rust-lang/crates.io-index)",
]

[[package]]
name = "libc"
version = "0.2.10"
source = "registry+https://github.com/rust-lang/crates.io-index"

